
Microsoft Visual Studio Solution File, Format Version 12.00
# Visual Studio 2013
VisualStudioVersion = 12.0.21005.1
MinimumVisualStudioVersion = 10.0.40219.1
Project("{2150E333-8FDC-42A3-9474-1A3956D46DE8}") = "API", "API", "{0A2AF028-05E9-4FF5-90A1-11D44E80F5C8}"
EndProject
Project("{2150E333-8FDC-42A3-9474-1A3956D46DE8}") = "Database", "Database", "{C8338451-A2E4-4B67-A5A7-5B982E0052D1}"
EndProject
Project("{2150E333-8FDC-42A3-9474-1A3956D46DE8}") = "Portal", "Portal", "{3DE5E24D-7EC7-48D7-A142-E9271922A6F4}"
EndProject
Project("{FAE04EC0-301F-11D3-BF4B-00C04F79EFBC}") = "Blog.Protal", "Blog.Protal\Blog.Protal.csproj", "{DADF9809-26B3-4363-9E42-3C3B392C086D}"
EndProject
Project("{00D1A9C2-B5F0-4AF3-8072-F6C62B433612}") = "Blog.Database", "Blog.Database\Blog.Database.sqlproj", "{21D53A95-368E-4C90-974D-8A0B19C18163}"
EndProject
Project("{FAE04EC0-301F-11D3-BF4B-00C04F79EFBC}") = "Blog.Api", "Blog.Api\Blog.Api.csproj", "{C3E0CF61-A54B-4C98-9553-3DD393D5ABAE}"
EndProject
Project("{FAE04EC0-301F-11D3-BF4B-00C04F79EFBC}") = "Blog.Api.Tests", "Blog.Api.Tests\Blog.Api.Tests.csproj", "{6812A385-7078-484F-BA17-30484EE01319}"
EndProject
Project("{FAE04EC0-301F-11D3-BF4B-00C04F79EFBC}") = "Blog.Models", "Blog.Models\Blog.Models.csproj", "{BF444E21-DB67-47D3-968A-1C71B9CB09AB}"
EndProject
Global
	GlobalSection(SolutionConfigurationPlatforms) = preSolution
		Debug|Any CPU = Debug|Any CPU
		Release|Any CPU = Release|Any CPU
	EndGlobalSection
	GlobalSection(ProjectConfigurationPlatforms) = postSolution
		{DADF9809-26B3-4363-9E42-3C3B392C086D}.Debug|Any CPU.ActiveCfg = Debug|Any CPU
		{DADF9809-26B3-4363-9E42-3C3B392C086D}.Debug|Any CPU.Build.0 = Debug|Any CPU
		{DADF9809-26B3-4363-9E42-3C3B392C086D}.Release|Any CPU.ActiveCfg = Release|Any CPU
		{DADF9809-26B3-4363-9E42-3C3B392C086D}.Release|Any CPU.Build.0 = Release|Any CPU
		{21D53A95-368E-4C90-974D-8A0B19C18163}.Debug|Any CPU.ActiveCfg = Debug|Any CPU
		{21D53A95-368E-4C90-974D-8A0B19C18163}.Debug|Any CPU.Build.0 = Debug|Any CPU
		{21D53A95-368E-4C90-974D-8A0B19C18163}.Debug|Any CPU.Deploy.0 = Debug|Any CPU
		{21D53A95-368E-4C90-974D-8A0B19C18163}.Release|Any CPU.ActiveCfg = Release|Any CPU
		{21D53A95-368E-4C90-974D-8A0B19C18163}.Release|Any CPU.Build.0 = Release|Any CPU
		{21D53A95-368E-4C90-974D-8A0B19C18163}.Release|Any CPU.Deploy.0 = Release|Any CPU
		{C3E0CF61-A54B-4C98-9553-3DD393D5ABAE}.Debug|Any CPU.ActiveCfg = Debug|Any CPU
		{C3E0CF61-A54B-4C98-9553-3DD393D5ABAE}.Debug|Any CPU.Build.0 = Debug|Any CPU
		{C3E0CF61-A54B-4C98-9553-3DD393D5ABAE}.Release|Any CPU.ActiveCfg = Release|Any CPU
		{C3E0CF61-A54B-4C98-9553-3DD393D5ABAE}.Release|Any CPU.Build.0 = Release|Any CPU
		{6812A385-7078-484F-BA17-30484EE01319}.Debug|Any CPU.ActiveCfg = Debug|Any CPU
		{6812A385-7078-484F-BA17-30484EE01319}.Debug|Any CPU.Build.0 = Debug|Any CPU
		{6812A385-7078-484F-BA17-30484EE01319}.Release|Any CPU.ActiveCfg = Release|Any CPU
		{6812A385-7078-484F-BA17-30484EE01319}.Release|Any CPU.Build.0 = Release|Any CPU
		{BF444E21-DB67-47D3-968A-1C71B9CB09AB}.Debug|Any CPU.ActiveCfg = Debug|Any CPU
		{BF444E21-DB67-47D3-968A-1C71B9CB09AB}.Debug|Any CPU.Build.0 = Debug|Any CPU
		{BF444E21-DB67-47D3-968A-1C71B9CB09AB}.Release|Any CPU.ActiveCfg = Release|Any CPU
		{BF444E21-DB67-47D3-968A-1C71B9CB09AB}.Release|Any CPU.Build.0 = Release|Any CPU
	EndGlobalSection
	GlobalSection(SolutionProperties) = preSolution
		HideSolutionNode = FALSE
	EndGlobalSection
	GlobalSection(NestedProjects) = preSolution
		{C3E0CF61-A54B-4C98-9553-3DD393D5ABAE} = {0A2AF028-05E9-4FF5-90A1-11D44E80F5C8}
		{6812A385-7078-484F-BA17-30484EE01319} = {0A2AF028-05E9-4FF5-90A1-11D44E80F5C8}
		{BF444E21-DB67-47D3-968A-1C71B9CB09AB} = {0A2AF028-05E9-4FF5-90A1-11D44E80F5C8}
		{21D53A95-368E-4C90-974D-8A0B19C18163} = {C8338451-A2E4-4B67-A5A7-5B982E0052D1}
		{DADF9809-26B3-4363-9E42-3C3B392C086D} = {3DE5E24D-7EC7-48D7-A142-E9271922A6F4}
	EndGlobalSection
EndGlobal
